
Microsoft Visual Studio Solution File, Format Version 12.00
# Visual Studio Version 17
VisualStudioVersion = 17.4.33110.190
MinimumVisualStudioVersion = 10.0.40219.1
Project("{FAE04EC0-301F-11D3-BF4B-00C04F79EFBC}") = "OperationResult", "OperationResult\OperationResult.csproj", "{2FA079CD-D9B7-4593-84A1-FB54C1945A68}"
EndProject
Global
	GlobalSection(SolutionConfigurationPlatforms) = preSolution
		Debug|Any CPU = Debug|Any CPU
		Release|Any CPU = Release|Any CPU
	EndGlobalSection
	GlobalSection(ProjectConfigurationPlatforms) = postSolution
		{2FA079CD-D9B7-4593-84A1-FB54C1945A68}.Debug|Any CPU.ActiveCfg = Debug|Any CPU
		{2FA079CD-D9B7-4593-84A1-FB54C1945A68}.Debug|Any CPU.Build.0 = Debug|Any CPU
		{2FA079CD-D9B7-4593-84A1-FB54C1945A68}.Release|Any CPU.ActiveCfg = Release|Any CPU
		{2FA079CD-D9B7-4593-84A1-FB54C1945A68}.Release|Any CPU.Build.0 = Release|Any CPU
	EndGlobalSection
	GlobalSection(SolutionProperties) = preSolution
		HideSolutionNode = FALSE
	EndGlobalSection
	GlobalSection(ExtensibilityGlobals) = postSolution
		SolutionGuid = {B278216A-60F3-4C0E-A6A3-1BC667E89D64}
	EndGlobalSection
EndGlobal
